
Microsoft Visual Studio Solution File, Format Version 12.00
# Visual Studio Version 16
VisualStudioVersion = 16.0.31313.79
MinimumVisualStudioVersion = 10.0.40219.1
Project("{9A19103F-16F7-4668-BE54-9A1E7A4F7556}") = "SouJunior.Domain", "SouJunior.Domain\SouJunior.Domain.csproj", "{4E9832D5-E78B-4642-966B-50A9496E4CE8}"
EndProject
Project("{9A19103F-16F7-4668-BE54-9A1E7A4F7556}") = "SouJunior.Service", "SouJunior.Service\SouJunior.Service.csproj", "{F82F26E1-CDA0-4306-B4A7-7532F9B53C96}"
EndProject
Project("{9A19103F-16F7-4668-BE54-9A1E7A4F7556}") = "SouJunior.Api", "SouJunior.Api\SouJunior.Api.csproj", "{64BD3D54-FFC3-4E2C-8FF8-84C99A3EBA41}"
EndProject
Project("{9A19103F-16F7-4668-BE54-9A1E7A4F7556}") = "SouJunior.Infra", "SouJunior.Infra\SouJunior.Infra.csproj", "{ED173DFD-E73E-4F25-8041-367587F11E5F}"
EndProject
Global
	GlobalSection(SolutionConfigurationPlatforms) = preSolution
		Debug|Any CPU = Debug|Any CPU
		Release|Any CPU = Release|Any CPU
	EndGlobalSection
	GlobalSection(ProjectConfigurationPlatforms) = postSolution
		{4E9832D5-E78B-4642-966B-50A9496E4CE8}.Debug|Any CPU.ActiveCfg = Debug|Any CPU
		{4E9832D5-E78B-4642-966B-50A9496E4CE8}.Debug|Any CPU.Build.0 = Debug|Any CPU
		{4E9832D5-E78B-4642-966B-50A9496E4CE8}.Release|Any CPU.ActiveCfg = Release|Any CPU
		{4E9832D5-E78B-4642-966B-50A9496E4CE8}.Release|Any CPU.Build.0 = Release|Any CPU
		{F82F26E1-CDA0-4306-B4A7-7532F9B53C96}.Debug|Any CPU.ActiveCfg = Debug|Any CPU
		{F82F26E1-CDA0-4306-B4A7-7532F9B53C96}.Debug|Any CPU.Build.0 = Debug|Any CPU
		{F82F26E1-CDA0-4306-B4A7-7532F9B53C96}.Release|Any CPU.ActiveCfg = Release|Any CPU
		{F82F26E1-CDA0-4306-B4A7-7532F9B53C96}.Release|Any CPU.Build.0 = Release|Any CPU
		{64BD3D54-FFC3-4E2C-8FF8-84C99A3EBA41}.Debug|Any CPU.ActiveCfg = Debug|Any CPU
		{64BD3D54-FFC3-4E2C-8FF8-84C99A3EBA41}.Debug|Any CPU.Build.0 = Debug|Any CPU
		{64BD3D54-FFC3-4E2C-8FF8-84C99A3EBA41}.Release|Any CPU.ActiveCfg = Release|Any CPU
		{64BD3D54-FFC3-4E2C-8FF8-84C99A3EBA41}.Release|Any CPU.Build.0 = Release|Any CPU
		{ED173DFD-E73E-4F25-8041-367587F11E5F}.Debug|Any CPU.ActiveCfg = Debug|Any CPU
		{ED173DFD-E73E-4F25-8041-367587F11E5F}.Debug|Any CPU.Build.0 = Debug|Any CPU
		{ED173DFD-E73E-4F25-8041-367587F11E5F}.Release|Any CPU.ActiveCfg = Release|Any CPU
		{ED173DFD-E73E-4F25-8041-367587F11E5F}.Release|Any CPU.Build.0 = Release|Any CPU
	EndGlobalSection
	GlobalSection(SolutionProperties) = preSolution
		HideSolutionNode = FALSE
	EndGlobalSection
	GlobalSection(ExtensibilityGlobals) = postSolution
		SolutionGuid = {19316CE7-4DF1-4066-A161-8C9C26896475}
	EndGlobalSection
EndGlobal
